// !$*UTF8*$!
{
	archiveVersion = 1;
	classes = {
	};
	objectVersion = 46;
	objects = {

/* Begin PBXBuildFile section */
		963567021F4E5463009FCF9A /* AppDelegate.swift in Sources */ = {isa = PBXBuildFile; fileRef = 963567011F4E5463009FCF9A /* AppDelegate.swift */; };
		963567041F4E5463009FCF9A /* ViewController.swift in Sources */ = {isa = PBXBuildFile; fileRef = 963567031F4E5463009FCF9A /* ViewController.swift */; };
		963567071F4E5463009FCF9A /* Main.storyboard in Resources */ = {isa = PBXBuildFile; fileRef = 963567051F4E5463009FCF9A /* Main.storyboard */; };
		963567091F4E5463009FCF9A /* Assets.xcassets in Resources */ = {isa = PBXBuildFile; fileRef = 963567081F4E5463009FCF9A /* Assets.xcassets */; };
		9635670C1F4E5463009FCF9A /* LaunchScreen.storyboard in Resources */ = {isa = PBXBuildFile; fileRef = 9635670A1F4E5463009FCF9A /* LaunchScreen.storyboard */; };
		963567171F4E5463009FCF9A /* How_ManyTests.swift in Sources */ = {isa = PBXBuildFile; fileRef = 963567161F4E5463009FCF9A /* How_ManyTests.swift */; };
		963567221F4E5463009FCF9A /* How_ManyUITests.swift in Sources */ = {isa = PBXBuildFile; fileRef = 963567211F4E5463009FCF9A /* How_ManyUITests.swift */; };
/* End PBXBuildFile section */

/* Begin PBXContainerItemProxy section */
		963567131F4E5463009FCF9A /* PBXContainerItemProxy */ = {
			isa = PBXContainerItemProxy;
			containerPortal = 963566F61F4E5463009FCF9A /* Project object */;
			proxyType = 1;
			remoteGlobalIDString = 963566FD1F4E5463009FCF9A;
			remoteInfo = "How Many";
		};
		9635671E1F4E5463009FCF9A /* PBXContainerItemProxy */ = {
			isa = PBXContainerItemProxy;
			containerPortal = 963566F61F4E5463009FCF9A /* Project object */;
			proxyType = 1;
			remoteGlobalIDString = 963566FD1F4E5463009FCF9A;
			remoteInfo = "How Many";
		};
/* End PBXContainerItemProxy section */

/* Begin PBXFileReference section */
		963566FE1F4E5463009FCF9A /* How Many.app */ = {isa = PBXFileReference; explicitFileType = wrapper.application; includeInIndex = 0; path = "How Many.app"; sourceTree = BUILT_PRODUCTS_DIR; };
		963567011F4E5463009FCF9A /* AppDelegate.swift */ = {isa = PBXFileReference; lastKnownFileType = sourcecode.swift; path = AppDelegate.swift; sourceTree = "<group>"; };
		963567031F4E5463009FCF9A /* ViewController.swift */ = {isa = PBXFileReference; lastKnownFileType = sourcecode.swift; path = ViewController.swift; sourceTree = "<group>"; };
		963567061F4E5463009FCF9A /* Base */ = {isa = PBXFileReference; lastKnownFileType = file.storyboard; name = Base; path = Base.lproj/Main.storyboard; sourceTree = "<group>"; };
		963567081F4E5463009FCF9A /* Assets.xcassets */ = {isa = PBXFileReference; lastKnownFileType = folder.assetcatalog; path = Assets.xcassets; sourceTree = "<group>"; };
		9635670B1F4E5463009FCF9A /* Base */ = {isa = PBXFileReference; lastKnownFileType = file.storyboard; name = Base; path = Base.lproj/LaunchScreen.storyboard; sourceTree = "<group>"; };
		9635670D1F4E5463009FCF9A /* Info.plist */ = {isa = PBXFileReference; lastKnownFileType = text.plist.xml; path = Info.plist; sourceTree = "<group>"; };
		963567121F4E5463009FCF9A /* How ManyTests.xctest */ = {isa = PBXFileReference; explicitFileType = wrapper.cfbundle; includeInIndex = 0; path = "How ManyTests.xctest"; sourceTree = BUILT_PRODUCTS_DIR; };
		963567161F4E5463009FCF9A /* How_ManyTests.swift */ = {isa = PBXFileReference; lastKnownFileType = sourcecode.swift; path = How_ManyTests.swift; sourceTree = "<group>"; };
		963567181F4E5463009FCF9A /* Info.plist */ = {isa = PBXFileReference; lastKnownFileType = text.plist.xml; path = Info.plist; sourceTree = "<group>"; };
		9635671D1F4E5463009FCF9A /* How ManyUITests.xctest */ = {isa = PBXFileReference; explicitFileType = wrapper.cfbundle; includeInIndex = 0; path = "How ManyUITests.xctest"; sourceTree = BUILT_PRODUCTS_DIR; };
		963567211F4E5463009FCF9A /* How_ManyUITests.swift */ = {isa = PBXFileReference; lastKnownFileType = sourcecode.swift; path = How_ManyUITests.swift; sourceTree = "<group>"; };
		963567231F4E5463009FCF9A /* Info.plist */ = {isa = PBXFileReference; lastKnownFileType = text.plist.xml; path = Info.plist; sourceTree = "<group>"; };
/* End PBXFileReference section */

/* Begin PBXFrameworksBuildPhase section */
		963566FB1F4E5463009FCF9A /* Frameworks */ = {
			isa = PBXFrameworksBuildPhase;
			buildActionMask = 2147483647;
			files = (
			);
			runOnlyForDeploymentPostprocessing = 0;
		};
		9635670F1F4E5463009FCF9A /* Frameworks */ = {
			isa = PBXFrameworksBuildPhase;
			buildActionMask = 2147483647;
			files = (
			);
			runOnlyForDeploymentPostprocessing = 0;
		};
		9635671A1F4E5463009FCF9A /* Frameworks */ = {
			isa = PBXFrameworksBuildPhase;
			buildActionMask = 2147483647;
			files = (
			);
			runOnlyForDeploymentPostprocessing = 0;
		};
/* End PBXFrameworksBuildPhase section */

/* Begin PBXGroup section */
		963566F51F4E5463009FCF9A = {
			isa = PBXGroup;
			children = (
				963567001F4E5463009FCF9A /* How Many */,
				963567151F4E5463009FCF9A /* How ManyTests */,
				963567201F4E5463009FCF9A /* How ManyUITests */,
				963566FF1F4E5463009FCF9A /* Products */,
			);
			sourceTree = "<group>";
		};
		963566FF1F4E5463009FCF9A /* Products */ = {
			isa = PBXGroup;
			children = (
				963566FE1F4E5463009FCF9A /* How Many.app */,
				963567121F4E5463009FCF9A /* How ManyTests.xctest */,
				9635671D1F4E5463009FCF9A /* How ManyUITests.xctest */,
			);
			name = Products;
			sourceTree = "<group>";
		};
		963567001F4E5463009FCF9A /* How Many */ = {
			isa = PBXGroup;
			children = (
				963567011F4E5463009FCF9A /* AppDelegate.swift */,
				963567031F4E5463009FCF9A /* ViewController.swift */,
				963567051F4E5463009FCF9A /* Main.storyboard */,
				963567081F4E5463009FCF9A /* Assets.xcassets */,
				9635670A1F4E5463009FCF9A /* LaunchScreen.storyboard */,
				9635670D1F4E5463009FCF9A /* Info.plist */,
			);
			path = "How Many";
			sourceTree = "<group>";
		};
		963567151F4E5463009FCF9A /* How ManyTests */ = {
			isa = PBXGroup;
			children = (
				963567161F4E5463009FCF9A /* How_ManyTests.swift */,
				963567181F4E5463009FCF9A /* Info.plist */,
			);
			path = "How ManyTests";
			sourceTree = "<group>";
		};
		963567201F4E5463009FCF9A /* How ManyUITests */ = {
			isa = PBXGroup;
			children = (
				963567211F4E5463009FCF9A /* How_ManyUITests.swift */,
				963567231F4E5463009FCF9A /* Info.plist */,
			);
			path = "How ManyUITests";
			sourceTree = "<group>";
		};
/* End PBXGroup section */

/* Begin PBXNativeTarget section */
		963566FD1F4E5463009FCF9A /* How Many */ = {
			isa = PBXNativeTarget;
			buildConfigurationList = 963567261F4E5463009FCF9A /* Build configuration list for PBXNativeTarget "How Many" */;
			buildPhases = (
				963566FA1F4E5463009FCF9A /* Sources */,
				963566FB1F4E5463009FCF9A /* Frameworks */,
				963566FC1F4E5463009FCF9A /* Resources */,
			);
			buildRules = (
			);
			dependencies = (
			);
			name = "How Many";
			productName = "How Many";
			productReference = 963566FE1F4E5463009FCF9A /* How Many.app */;
			productType = "com.apple.product-type.application";
		};
		963567111F4E5463009FCF9A /* How ManyTests */ = {
			isa = PBXNativeTarget;
			buildConfigurationList = 963567291F4E5463009FCF9A /* Build configuration list for PBXNativeTarget "How ManyTests" */;
			buildPhases = (
				9635670E1F4E5463009FCF9A /* Sources */,
				9635670F1F4E5463009FCF9A /* Frameworks */,
				963567101F4E5463009FCF9A /* Resources */,
			);
			buildRules = (
			);
			dependencies = (
				963567141F4E5463009FCF9A /* PBXTargetDependency */,
			);
			name = "How ManyTests";
			productName = "How ManyTests";
			productReference = 963567121F4E5463009FCF9A /* How ManyTests.xctest */;
			productType = "com.apple.product-type.bundle.unit-test";
		};
		9635671C1F4E5463009FCF9A /* How ManyUITests */ = {
			isa = PBXNativeTarget;
			buildConfigurationList = 9635672C1F4E5463009FCF9A /* Build configuration list for PBXNativeTarget "How ManyUITests" */;
			buildPhases = (
				963567191F4E5463009FCF9A /* Sources */,
				9635671A1F4E5463009FCF9A /* Frameworks */,
				9635671B1F4E5463009FCF9A /* Resources */,
			);
			buildRules = (
			);
			dependencies = (
				9635671F1F4E5463009FCF9A /* PBXTargetDependency */,
			);
			name = "How ManyUITests";
			productName = "How ManyUITests";
			productReference = 9635671D1F4E5463009FCF9A /* How ManyUITests.xctest */;
			productType = "com.apple.product-type.bundle.ui-testing";
		};
/* End PBXNativeTarget section */

/* Begin PBXProject section */
		963566F61F4E5463009FCF9A /* Project object */ = {
			isa = PBXProject;
			attributes = {
				LastSwiftUpdateCheck = 0800;
				LastUpgradeCheck = 0800;
				ORGANIZATIONNAME = "JASON STIESI";
				TargetAttributes = {
					963566FD1F4E5463009FCF9A = {
						CreatedOnToolsVersion = 8.0;
						ProvisioningStyle = Automatic;
					};
					963567111F4E5463009FCF9A = {
						CreatedOnToolsVersion = 8.0;
						ProvisioningStyle = Automatic;
						TestTargetID = 963566FD1F4E5463009FCF9A;
					};
					9635671C1F4E5463009FCF9A = {
						CreatedOnToolsVersion = 8.0;
						ProvisioningStyle = Automatic;
						TestTargetID = 963566FD1F4E5463009FCF9A;
					};
				};
			};
			buildConfigurationList = 963566F91F4E5463009FCF9A /* Build configuration list for PBXProject "How Many" */;
			compatibilityVersion = "Xcode 3.2";
			developmentRegion = English;
			hasScannedForEncodings = 0;
			knownRegions = (
				en,
				Base,
			);
			mainGroup = 963566F51F4E5463009FCF9A;
			productRefGroup = 963566FF1F4E5463009FCF9A /* Products */;
			projectDirPath = "";
			projectRoot = "";
			targets = (
				963566FD1F4E5463009FCF9A /* How Many */,
				963567111F4E5463009FCF9A /* How ManyTests */,
				9635671C1F4E5463009FCF9A /* How ManyUITests */,
			);
		};
/* End PBXProject section */

/* Begin PBXResourcesBuildPhase section */
		963566FC1F4E5463009FCF9A /* Resources */ = {
			isa = PBXResourcesBuildPhase;
			buildActionMask = 2147483647;
			files = (
				9635670C1F4E5463009FCF9A /* LaunchScreen.storyboard in Resources */,
				963567091F4E5463009FCF9A /* Assets.xcassets in Resources */,
				963567071F4E5463009FCF9A /* Main.storyboard in Resources */,
			);
			runOnlyForDeploymentPostprocessing = 0;
		};
		963567101F4E5463009FCF9A /* Resources */ = {
			isa = PBXResourcesBuildPhase;
			buildActionMask = 2147483647;
			files = (
			);
			runOnlyForDeploymentPostprocessing = 0;
		};
		9635671B1F4E5463009FCF9A /* Resources */ = {
			isa = PBXResourcesBuildPhase;
			buildActionMask = 2147483647;
			files = (
			);
			runOnlyForDeploymentPostprocessing = 0;
		};
/* End PBXResourcesBuildPhase section */

/* Begin PBXSourcesBuildPhase section */
		963566FA1F4E5463009FCF9A /* Sources */ = {
			isa = PBXSourcesBuildPhase;
			buildActionMask = 2147483647;
			files = (
				963567041F4E5463009FCF9A /* ViewController.swift in Sources */,
				963567021F4E5463009FCF9A /* AppDelegate.swift in Sources */,
			);
			runOnlyForDeploymentPostprocessing = 0;
		};
		9635670E1F4E5463009FCF9A /* Sources */ = {
			isa = PBXSourcesBuildPhase;
			buildActionMask = 2147483647;
			files = (
				963567171F4E5463009FCF9A /* How_ManyTests.swift in Sources */,
			);
			runOnlyForDeploymentPostprocessing = 0;
		};
		963567191F4E5463009FCF9A /* Sources */ = {
			isa = PBXSourcesBuildPhase;
			buildActionMask = 2147483647;
			files = (
				963567221F4E5463009FCF9A /* How_ManyUITests.swift in Sources */,
			);
			runOnlyForDeploymentPostprocessing = 0;
		};
/* End PBXSourcesBuildPhase section */

/* Begin PBXTargetDependency section */
		963567141F4E5463009FCF9A /* PBXTargetDependency */ = {
			isa = PBXTargetDependency;
			target = 963566FD1F4E5463009FCF9A /* How Many */;
			targetProxy = 963567131F4E5463009FCF9A /* PBXContainerItemProxy */;
		};
		9635671F1F4E5463009FCF9A /* PBXTargetDependency */ = {
			isa = PBXTargetDependency;
			target = 963566FD1F4E5463009FCF9A /* How Many */;
			targetProxy = 9635671E1F4E5463009FCF9A /* PBXContainerItemProxy */;
		};
/* End PBXTargetDependency section */

/* Begin PBXVariantGroup section */
		963567051F4E5463009FCF9A /* Main.storyboard */ = {
			isa = PBXVariantGroup;
			children = (
				963567061F4E5463009FCF9A /* Base */,
			);
			name = Main.storyboard;
			sourceTree = "<group>";
		};
		9635670A1F4E5463009FCF9A /* LaunchScreen.storyboard */ = {
			isa = PBXVariantGroup;
			children = (
				9635670B1F4E5463009FCF9A /* Base */,
			);
			name = LaunchScreen.storyboard;
			sourceTree = "<group>";
		};
/* End PBXVariantGroup section */

/* Begin XCBuildConfiguration section */
		963567241F4E5463009FCF9A /* Debug */ = {
			isa = XCBuildConfiguration;
			buildSettings = {
				ALWAYS_SEARCH_USER_PATHS = NO;
				CLANG_ANALYZER_NONNULL = YES;
				CLANG_CXX_LANGUAGE_STANDARD = "gnu++0x";
				CLANG_CXX_LIBRARY = "libc++";
				CLANG_ENABLE_MODULES = YES;
				CLANG_ENABLE_OBJC_ARC = YES;
				CLANG_WARN_BOOL_CONVERSION = YES;
				CLANG_WARN_CONSTANT_CONVERSION = YES;
				CLANG_WARN_DIRECT_OBJC_ISA_USAGE = YES_ERROR;
				CLANG_WARN_DOCUMENTATION_COMMENTS = YES;
				CLANG_WARN_EMPTY_BODY = YES;
				CLANG_WARN_ENUM_CONVERSION = YES;
				CLANG_WARN_INT_CONVERSION = YES;
				CLANG_WARN_OBJC_ROOT_CLASS = YES_ERROR;
				CLANG_WARN_UNREACHABLE_CODE = YES;
				CLANG_WARN__DUPLICATE_METHOD_MATCH = YES;
				"CODE_SIGN_IDENTITY[sdk=iphoneos*]" = "iPhone Developer";
				COPY_PHASE_STRIP = NO;
				DEBUG_INFORMATION_FORMAT = dwarf;
				ENABLE_STRICT_OBJC_MSGSEND = YES;
				ENABLE_TESTABILITY = YES;
				GCC_C_LANGUAGE_STANDARD = gnu99;
				GCC_DYNAMIC_NO_PIC = NO;
				GCC_NO_COMMON_BLOCKS = YES;
				GCC_OPTIMIZATION_LEVEL = 0;
				GCC_PREPROCESSOR_DEFINITIONS = (
					"DEBUG=1",
					"$(inherited)",
				);
				GCC_WARN_64_TO_32_BIT_CONVERSION = YES;
				GCC_WARN_ABOUT_RETURN_TYPE = YES_ERROR;
				GCC_WARN_UNDECLARED_SELECTOR = YES;
				GCC_WARN_UNINITIALIZED_AUTOS = YES_AGGRESSIVE;
				GCC_WARN_UNUSED_FUNCTION = YES;
				GCC_WARN_UNUSED_VARIABLE = YES;
				IPHONEOS_DEPLOYMENT_TARGET = 10.0;
				MTL_ENABLE_DEBUG_INFO = YES;
				ONLY_ACTIVE_ARCH = YES;
				SDKROOT = iphoneos;
				SWIFT_ACTIVE_COMPILATION_CONDITIONS = DEBUG;
				SWIFT_OPTIMIZATION_LEVEL = "-Onone";
				TARGETED_DEVICE_FAMILY = "1,2";
			};
			name = Debug;
		};
		963567251F4E5463009FCF9A /* Release */ = {
			isa = XCBuildConfiguration;
			buildSettings = {
				ALWAYS_SEARCH_USER_PATHS = NO;
				CLANG_ANALYZER_NONNULL = YES;
				CLANG_CXX_LANGUAGE_STANDARD = "gnu++0x";
				CLANG_CXX_LIBRARY = "libc++";
				CLANG_ENABLE_MODULES = YES;
				CLANG_ENABLE_OBJC_ARC = YES;
				CLANG_WARN_BOOL_CONVERSION = YES;
				CLANG_WARN_CONSTANT_CONVERSION = YES;
				CLANG_WARN_DIRECT_OBJC_ISA_USAGE = YES_ERROR;
				CLANG_WARN_DOCUMENTATION_COMMENTS = YES;
				CLANG_WARN_EMPTY_BODY = YES;
				CLANG_WARN_ENUM_CONVERSION = YES;
				CLANG_WARN_INT_CONVERSION = YES;
				CLANG_WARN_OBJC_ROOT_CLASS = YES_ERROR;
				CLANG_WARN_UNREACHABLE_CODE = YES;
				CLANG_WARN__DUPLICATE_METHOD_MATCH = YES;
				"CODE_SIGN_IDENTITY[sdk=iphoneos*]" = "iPhone Developer";
				COPY_PHASE_STRIP = NO;
				DEBUG_INFORMATION_FORMAT = "dwarf-with-dsym";
				ENABLE_NS_ASSERTIONS = NO;
				ENABLE_STRICT_OBJC_MSGSEND = YES;
				GCC_C_LANGUAGE_STANDARD = gnu99;
				GCC_NO_COMMON_BLOCKS = YES;
				GCC_WARN_64_TO_32_BIT_CONVERSION = YES;
				GCC_WARN_ABOUT_RETURN_TYPE = YES_ERROR;
				GCC_WARN_UNDECLARED_SELECTOR = YES;
				GCC_WARN_UNINITIALIZED_AUTOS = YES_AGGRESSIVE;
				GCC_WARN_UNUSED_FUNCTION = YES;
				GCC_WARN_UNUSED_VARIABLE = YES;
				IPHONEOS_DEPLOYMENT_TARGET = 10.0;
				MTL_ENABLE_DEBUG_INFO = NO;
				SDKROOT = iphoneos;
				SWIFT_OPTIMIZATION_LEVEL = "-Owholemodule";
				TARGETED_DEVICE_FAMILY = "1,2";
				VALIDATE_PRODUCT = YES;
			};
			name = Release;
		};
		963567271F4E5463009FCF9A /* Debug */ = {
			isa = XCBuildConfiguration;
			buildSettings = {
				ASSETCATALOG_COMPILER_APPICON_NAME = AppIcon;
				INFOPLIST_FILE = "How Many/Info.plist";
				LD_RUNPATH_SEARCH_PATHS = "$(inherited) @executable_path/Frameworks";
				PRODUCT_BUNDLE_IDENTIFIER = "HappyDays.How-Many";
				PRODUCT_NAME = "$(TARGET_NAME)";
				SWIFT_VERSION = 3.0;
			};
			name = Debug;
		};
		963567281F4E5463009FCF9A /* Release */ = {
			isa = XCBuildConfiguration;
			buildSettings = {
				ASSETCATALOG_COMPILER_APPICON_NAME = AppIcon;
				INFOPLIST_FILE = "How Many/Info.plist";
				LD_RUNPATH_SEARCH_PATHS = "$(inherited) @executable_path/Frameworks";
				PRODUCT_BUNDLE_IDENTIFIER = "HappyDays.How-Many";
				PRODUCT_NAME = "$(TARGET_NAME)";
				SWIFT_VERSION = 3.0;
			};
			name = Release;
		};
		9635672A1F4E5463009FCF9A /* Debug */ = {
			isa = XCBuildConfiguration;
			buildSettings = {
				BUNDLE_LOADER = "$(TEST_HOST)";
				INFOPLIST_FILE = "How ManyTests/Info.plist";
				LD_RUNPATH_SEARCH_PATHS = "$(inherited) @executable_path/Frameworks @loader_path/Frameworks";
				PRODUCT_BUNDLE_IDENTIFIER = "HappyDays.How-ManyTests";
				PRODUCT_NAME = "$(TARGET_NAME)";
				SWIFT_VERSION = 3.0;
				TEST_HOST = "$(BUILT_PRODUCTS_DIR)/How Many.app/How Many";
			};
			name = Debug;
		};
		9635672B1F4E5463009FCF9A /* Release */ = {
			isa = XCBuildConfiguration;
			buildSettings = {
				BUNDLE_LOADER = "$(TEST_HOST)";
				INFOPLIST_FILE = "How ManyTests/Info.plist";
				LD_RUNPATH_SEARCH_PATHS = "$(inherited) @executable_path/Frameworks @loader_path/Frameworks";
				PRODUCT_BUNDLE_IDENTIFIER = "HappyDays.How-ManyTests";
				PRODUCT_NAME = "$(TARGET_NAME)";
				SWIFT_VERSION = 3.0;
				TEST_HOST = "$(BUILT_PRODUCTS_DIR)/How Many.app/How Many";
			};
			name = Release;
		};
		9635672D1F4E5463009FCF9A /* Debug */ = {
			isa = XCBuildConfiguration;
			buildSettings = {
				INFOPLIST_FILE = "How ManyUITests/Info.plist";
				LD_RUNPATH_SEARCH_PATHS = "$(inherited) @executable_path/Frameworks @loader_path/Frameworks";
				PRODUCT_BUNDLE_IDENTIFIER = "HappyDays.How-ManyUITests";
				PRODUCT_NAME = "$(TARGET_NAME)";
				SWIFT_VERSION = 3.0;
				TEST_TARGET_NAME = "How Many";
			};
			name = Debug;
		};
		9635672E1F4E5463009FCF9A /* Release */ = {
			isa = XCBuildConfiguration;
			buildSettings = {
				INFOPLIST_FILE = "How ManyUITests/Info.plist";
				LD_RUNPATH_SEARCH_PATHS = "$(inherited) @executable_path/Frameworks @loader_path/Frameworks";
				PRODUCT_BUNDLE_IDENTIFIER = "HappyDays.How-ManyUITests";
				PRODUCT_NAME = "$(TARGET_NAME)";
				SWIFT_VERSION = 3.0;
				TEST_TARGET_NAME = "How Many";
			};
			name = Release;
		};
/* End XCBuildConfiguration section */

/* Begin XCConfigurationList section */
		963566F91F4E5463009FCF9A /* Build configuration list for PBXProject "How Many" */ = {
			isa = XCConfigurationList;
			buildConfigurations = (
				963567241F4E5463009FCF9A /* Debug */,
				963567251F4E5463009FCF9A /* Release */,
			);
			defaultConfigurationIsVisible = 0;
			defaultConfigurationName = Release;
		};
		963567261F4E5463009FCF9A /* Build configuration list for PBXNativeTarget "How Many" */ = {
			isa = XCConfigurationList;
			buildConfigurations = (
				963567271F4E5463009FCF9A /* Debug */,
				963567281F4E5463009FCF9A /* Release */,
			);
			defaultConfigurationIsVisible = 0;
		};
		963567291F4E5463009FCF9A /* Build configuration list for PBXNativeTarget "How ManyTests" */ = {
			isa = XCConfigurationList;
			buildConfigurations = (
				9635672A1F4E5463009FCF9A /* Debug */,
				9635672B1F4E5463009FCF9A /* Release */,
			);
			defaultConfigurationIsVisible = 0;
		};
		9635672C1F4E5463009FCF9A /* Build configuration list for PBXNativeTarget "How ManyUITests" */ = {
			isa = XCConfigurationList;
			buildConfigurations = (
				9635672D1F4E5463009FCF9A /* Debug */,
				9635672E1F4E5463009FCF9A /* Release */,
			);
			defaultConfigurationIsVisible = 0;
		};
/* End XCConfigurationList section */
	};
	rootObject = 963566F61F4E5463009FCF9A /* Project object */;
}
